// !$*UTF8*$!
{
	archiveVersion = 1;
	classes = {
	};
	objectVersion = 50;
	objects = {

/* Begin PBXBuildFile section */
		E49F07E327CC71D80049E758 /* AppDelegate.swift in Sources */ = {isa = PBXBuildFile; fileRef = E49F07E227CC71D80049E758 /* AppDelegate.swift */; };
		E49F07E527CC71D80049E758 /* SceneDelegate.swift in Sources */ = {isa = PBXBuildFile; fileRef = E49F07E427CC71D80049E758 /* SceneDelegate.swift */; };
		E49F07E727CC71D80049E758 /* ContentView.swift in Sources */ = {isa = PBXBuildFile; fileRef = E49F07E627CC71D80049E758 /* ContentView.swift */; };
		E49F07E927CC71DA0049E758 /* Assets.xcassets in Resources */ = {isa = PBXBuildFile; fileRef = E49F07E827CC71DA0049E758 /* Assets.xcassets */; };
		E49F07EC27CC71DA0049E758 /* Preview Assets.xcassets in Resources */ = {isa = PBXBuildFile; fileRef = E49F07EB27CC71DA0049E758 /* Preview Assets.xcassets */; };
		E49F07EF27CC71DA0049E758 /* LaunchScreen.storyboard in Resources */ = {isa = PBXBuildFile; fileRef = E49F07ED27CC71DA0049E758 /* LaunchScreen.storyboard */; };
		E49F07FF27CC82AC0049E758 /* LoginScreen.swift in Sources */ = {isa = PBXBuildFile; fileRef = E49F07FE27CC82AC0049E758 /* LoginScreen.swift */; };
		E49F080327CC8ED30049E758 /* AuthModelView.swift in Sources */ = {isa = PBXBuildFile; fileRef = E49F080227CC8ED30049E758 /* AuthModelView.swift */; };
		E49F080627CC8EE30049E758 /* AuthService.swift in Sources */ = {isa = PBXBuildFile; fileRef = E49F080527CC8EE30049E758 /* AuthService.swift */; };
		E49F080927CC8EF40049E758 /* AuthModel.swift in Sources */ = {isa = PBXBuildFile; fileRef = E49F080827CC8EF40049E758 /* AuthModel.swift */; };
		E49F080C27CCA9AD0049E758 /* RelationModel.swift in Sources */ = {isa = PBXBuildFile; fileRef = E49F080B27CCA9AD0049E758 /* RelationModel.swift */; };
		E49F080F27CCCDE00049E758 /* Token.swift in Sources */ = {isa = PBXBuildFile; fileRef = E49F080E27CCCDE00049E758 /* Token.swift */; };
		E49F081227CCD7B90049E758 /* HomeScreen.swift in Sources */ = {isa = PBXBuildFile; fileRef = E49F081127CCD7B90049E758 /* HomeScreen.swift */; };
		E49F081527CCDB460049E758 /* AppManager.swift in Sources */ = {isa = PBXBuildFile; fileRef = E49F081427CCDB460049E758 /* AppManager.swift */; };
/* End PBXBuildFile section */

/* Begin PBXFileReference section */
		E49F07DF27CC71D80049E758 /* Tangsel Smart City.app */ = {isa = PBXFileReference; explicitFileType = wrapper.application; includeInIndex = 0; path = "Tangsel Smart City.app"; sourceTree = BUILT_PRODUCTS_DIR; };
		E49F07E227CC71D80049E758 /* AppDelegate.swift */ = {isa = PBXFileReference; lastKnownFileType = sourcecode.swift; path = AppDelegate.swift; sourceTree = "<group>"; };
		E49F07E427CC71D80049E758 /* SceneDelegate.swift */ = {isa = PBXFileReference; lastKnownFileType = sourcecode.swift; path = SceneDelegate.swift; sourceTree = "<group>"; };
		E49F07E627CC71D80049E758 /* ContentView.swift */ = {isa = PBXFileReference; lastKnownFileType = sourcecode.swift; path = ContentView.swift; sourceTree = "<group>"; };
		E49F07E827CC71DA0049E758 /* Assets.xcassets */ = {isa = PBXFileReference; lastKnownFileType = folder.assetcatalog; path = Assets.xcassets; sourceTree = "<group>"; };
		E49F07EB27CC71DA0049E758 /* Preview Assets.xcassets */ = {isa = PBXFileReference; lastKnownFileType = folder.assetcatalog; path = "Preview Assets.xcassets"; sourceTree = "<group>"; };
		E49F07EE27CC71DA0049E758 /* Base */ = {isa = PBXFileReference; lastKnownFileType = file.storyboard; name = Base; path = Base.lproj/LaunchScreen.storyboard; sourceTree = "<group>"; };
		E49F07F027CC71DA0049E758 /* Info.plist */ = {isa = PBXFileReference; lastKnownFileType = text.plist.xml; path = Info.plist; sourceTree = "<group>"; };
		E49F07FE27CC82AC0049E758 /* LoginScreen.swift */ = {isa = PBXFileReference; lastKnownFileType = sourcecode.swift; path = LoginScreen.swift; sourceTree = "<group>"; };
		E49F080227CC8ED30049E758 /* AuthModelView.swift */ = {isa = PBXFileReference; lastKnownFileType = sourcecode.swift; path = AuthModelView.swift; sourceTree = "<group>"; };
		E49F080527CC8EE30049E758 /* AuthService.swift */ = {isa = PBXFileReference; lastKnownFileType = sourcecode.swift; path = AuthService.swift; sourceTree = "<group>"; };
		E49F080827CC8EF40049E758 /* AuthModel.swift */ = {isa = PBXFileReference; lastKnownFileType = sourcecode.swift; path = AuthModel.swift; sourceTree = "<group>"; };
		E49F080B27CCA9AD0049E758 /* RelationModel.swift */ = {isa = PBXFileReference; lastKnownFileType = sourcecode.swift; path = RelationModel.swift; sourceTree = "<group>"; };
		E49F080E27CCCDE00049E758 /* Token.swift */ = {isa = PBXFileReference; lastKnownFileType = sourcecode.swift; path = Token.swift; sourceTree = "<group>"; };
		E49F081127CCD7B90049E758 /* HomeScreen.swift */ = {isa = PBXFileReference; lastKnownFileType = sourcecode.swift; path = HomeScreen.swift; sourceTree = "<group>"; };
		E49F081427CCDB460049E758 /* AppManager.swift */ = {isa = PBXFileReference; lastKnownFileType = sourcecode.swift; path = AppManager.swift; sourceTree = "<group>"; };
/* End PBXFileReference section */

/* Begin PBXFrameworksBuildPhase section */
		E49F07DC27CC71D80049E758 /* Frameworks */ = {
			isa = PBXFrameworksBuildPhase;
			buildActionMask = 2147483647;
			files = (
			);
			runOnlyForDeploymentPostprocessing = 0;
		};
/* End PBXFrameworksBuildPhase section */

/* Begin PBXGroup section */
		E49F07D627CC71D80049E758 = {
			isa = PBXGroup;
			children = (
				E49F07E127CC71D80049E758 /* Tangsel Smart City */,
				E49F07E027CC71D80049E758 /* Products */,
			);
			sourceTree = "<group>";
		};
		E49F07E027CC71D80049E758 /* Products */ = {
			isa = PBXGroup;
			children = (
				E49F07DF27CC71D80049E758 /* Tangsel Smart City.app */,
			);
			name = Products;
			sourceTree = "<group>";
		};
		E49F07E127CC71D80049E758 /* Tangsel Smart City */ = {
			isa = PBXGroup;
			children = (
				E49F07FD27CC82740049E758 /* Component View */,
				E49F07FC27CC826D0049E758 /* Utils */,
				E49F07FA27CC82610049E758 /* Services */,
				E49F07F927CC82580049E758 /* Model View */,
				E49F07F827CC7D910049E758 /* Models */,
				E49F07F727CC7D880049E758 /* Screens */,
				E49F07E227CC71D80049E758 /* AppDelegate.swift */,
				E49F07E427CC71D80049E758 /* SceneDelegate.swift */,
				E49F07E627CC71D80049E758 /* ContentView.swift */,
				E49F07E827CC71DA0049E758 /* Assets.xcassets */,
				E49F07ED27CC71DA0049E758 /* LaunchScreen.storyboard */,
				E49F07F027CC71DA0049E758 /* Info.plist */,
				E49F07EA27CC71DA0049E758 /* Preview Content */,
			);
			path = "Tangsel Smart City";
			sourceTree = "<group>";
		};
		E49F07EA27CC71DA0049E758 /* Preview Content */ = {
			isa = PBXGroup;
			children = (
				E49F07EB27CC71DA0049E758 /* Preview Assets.xcassets */,
			);
			path = "Preview Content";
			sourceTree = "<group>";
		};
		E49F07F727CC7D880049E758 /* Screens */ = {
			isa = PBXGroup;
			children = (
				E49F07FE27CC82AC0049E758 /* LoginScreen.swift */,
				E49F081127CCD7B90049E758 /* HomeScreen.swift */,
			);
			path = Screens;
			sourceTree = "<group>";
		};
		E49F07F827CC7D910049E758 /* Models */ = {
			isa = PBXGroup;
			children = (
				E49F080827CC8EF40049E758 /* AuthModel.swift */,
				E49F080B27CCA9AD0049E758 /* RelationModel.swift */,
			);
			path = Models;
			sourceTree = "<group>";
		};
		E49F07F927CC82580049E758 /* Model View */ = {
			isa = PBXGroup;
			children = (
				E49F080227CC8ED30049E758 /* AuthModelView.swift */,
			);
			path = "Model View";
			sourceTree = "<group>";
		};
		E49F07FA27CC82610049E758 /* Services */ = {
			isa = PBXGroup;
			children = (
				E49F080527CC8EE30049E758 /* AuthService.swift */,
			);
			path = Services;
			sourceTree = "<group>";
		};
		E49F07FC27CC826D0049E758 /* Utils */ = {
			isa = PBXGroup;
			children = (
				E49F080E27CCCDE00049E758 /* Token.swift */,
				E49F081427CCDB460049E758 /* AppManager.swift */,
			);
			path = Utils;
			sourceTree = "<group>";
		};
		E49F07FD27CC82740049E758 /* Component View */ = {
			isa = PBXGroup;
			children = (
			);
			path = "Component View";
			sourceTree = "<group>";
		};
/* End PBXGroup section */

/* Begin PBXNativeTarget section */
		E49F07DE27CC71D80049E758 /* Tangsel Smart City */ = {
			isa = PBXNativeTarget;
			buildConfigurationList = E49F07F327CC71DA0049E758 /* Build configuration list for PBXNativeTarget "Tangsel Smart City" */;
			buildPhases = (
				E49F07DB27CC71D80049E758 /* Sources */,
				E49F07DC27CC71D80049E758 /* Frameworks */,
				E49F07DD27CC71D80049E758 /* Resources */,
			);
			buildRules = (
			);
			dependencies = (
			);
			name = "Tangsel Smart City";
			productName = "Tangsel Smart City";
			productReference = E49F07DF27CC71D80049E758 /* Tangsel Smart City.app */;
			productType = "com.apple.product-type.application";
		};
/* End PBXNativeTarget section */

/* Begin PBXProject section */
		E49F07D727CC71D80049E758 /* Project object */ = {
			isa = PBXProject;
			attributes = {
				LastSwiftUpdateCheck = 1240;
				LastUpgradeCheck = 1240;
				TargetAttributes = {
					E49F07DE27CC71D80049E758 = {
						CreatedOnToolsVersion = 12.4;
					};
				};
			};
			buildConfigurationList = E49F07DA27CC71D80049E758 /* Build configuration list for PBXProject "Tangsel Smart City" */;
			compatibilityVersion = "Xcode 9.3";
			developmentRegion = en;
			hasScannedForEncodings = 0;
			knownRegions = (
				en,
				Base,
			);
			mainGroup = E49F07D627CC71D80049E758;
			productRefGroup = E49F07E027CC71D80049E758 /* Products */;
			projectDirPath = "";
			projectRoot = "";
			targets = (
				E49F07DE27CC71D80049E758 /* Tangsel Smart City */,
			);
		};
/* End PBXProject section */

/* Begin PBXResourcesBuildPhase section */
		E49F07DD27CC71D80049E758 /* Resources */ = {
			isa = PBXResourcesBuildPhase;
			buildActionMask = 2147483647;
			files = (
				E49F07EF27CC71DA0049E758 /* LaunchScreen.storyboard in Resources */,
				E49F07EC27CC71DA0049E758 /* Preview Assets.xcassets in Resources */,
				E49F07E927CC71DA0049E758 /* Assets.xcassets in Resources */,
			);
			runOnlyForDeploymentPostprocessing = 0;
		};
/* End PBXResourcesBuildPhase section */

/* Begin PBXSourcesBuildPhase section */
		E49F07DB27CC71D80049E758 /* Sources */ = {
			isa = PBXSourcesBuildPhase;
			buildActionMask = 2147483647;
			files = (
				E49F080F27CCCDE00049E758 /* Token.swift in Sources */,
				E49F07E327CC71D80049E758 /* AppDelegate.swift in Sources */,
				E49F07FF27CC82AC0049E758 /* LoginScreen.swift in Sources */,
				E49F080927CC8EF40049E758 /* AuthModel.swift in Sources */,
				E49F080327CC8ED30049E758 /* AuthModelView.swift in Sources */,
				E49F080627CC8EE30049E758 /* AuthService.swift in Sources */,
				E49F081227CCD7B90049E758 /* HomeScreen.swift in Sources */,
				E49F081527CCDB460049E758 /* AppManager.swift in Sources */,
				E49F080C27CCA9AD0049E758 /* RelationModel.swift in Sources */,
				E49F07E527CC71D80049E758 /* SceneDelegate.swift in Sources */,
				E49F07E727CC71D80049E758 /* ContentView.swift in Sources */,
			);
			runOnlyForDeploymentPostprocessing = 0;
		};
/* End PBXSourcesBuildPhase section */

/* Begin PBXVariantGroup section */
		E49F07ED27CC71DA0049E758 /* LaunchScreen.storyboard */ = {
			isa = PBXVariantGroup;
			children = (
				E49F07EE27CC71DA0049E758 /* Base */,
			);
			name = LaunchScreen.storyboard;
			sourceTree = "<group>";
		};
/* End PBXVariantGroup section */

/* Begin XCBuildConfiguration section */
		E49F07F127CC71DA0049E758 /* Debug */ = {
			isa = XCBuildConfiguration;
			buildSettings = {
				ALWAYS_SEARCH_USER_PATHS = NO;
				CLANG_ANALYZER_NONNULL = YES;
				CLANG_ANALYZER_NUMBER_OBJECT_CONVERSION = YES_AGGRESSIVE;
				CLANG_CXX_LANGUAGE_STANDARD = "gnu++14";
				CLANG_CXX_LIBRARY = "libc++";
				CLANG_ENABLE_MODULES = YES;
				CLANG_ENABLE_OBJC_ARC = YES;
				CLANG_ENABLE_OBJC_WEAK = YES;
				CLANG_WARN_BLOCK_CAPTURE_AUTORELEASING = YES;
				CLANG_WARN_BOOL_CONVERSION = YES;
				CLANG_WARN_COMMA = YES;
				CLANG_WARN_CONSTANT_CONVERSION = YES;
				CLANG_WARN_DEPRECATED_OBJC_IMPLEMENTATIONS = YES;
				CLANG_WARN_DIRECT_OBJC_ISA_USAGE = YES_ERROR;
				CLANG_WARN_DOCUMENTATION_COMMENTS = YES;
				CLANG_WARN_EMPTY_BODY = YES;
				CLANG_WARN_ENUM_CONVERSION = YES;
				CLANG_WARN_INFINITE_RECURSION = YES;
				CLANG_WARN_INT_CONVERSION = YES;
				CLANG_WARN_NON_LITERAL_NULL_CONVERSION = YES;
				CLANG_WARN_OBJC_IMPLICIT_RETAIN_SELF = YES;
				CLANG_WARN_OBJC_LITERAL_CONVERSION = YES;
				CLANG_WARN_OBJC_ROOT_CLASS = YES_ERROR;
				CLANG_WARN_QUOTED_INCLUDE_IN_FRAMEWORK_HEADER = YES;
				CLANG_WARN_RANGE_LOOP_ANALYSIS = YES;
				CLANG_WARN_STRICT_PROTOTYPES = YES;
				CLANG_WARN_SUSPICIOUS_MOVE = YES;
				CLANG_WARN_UNGUARDED_AVAILABILITY = YES_AGGRESSIVE;
				CLANG_WARN_UNREACHABLE_CODE = YES;
				CLANG_WARN__DUPLICATE_METHOD_MATCH = YES;
				COPY_PHASE_STRIP = NO;
				DEBUG_INFORMATION_FORMAT = dwarf;
				ENABLE_STRICT_OBJC_MSGSEND = YES;
				ENABLE_TESTABILITY = YES;
				GCC_C_LANGUAGE_STANDARD = gnu11;
				GCC_DYNAMIC_NO_PIC = NO;
				GCC_NO_COMMON_BLOCKS = YES;
				GCC_OPTIMIZATION_LEVEL = 0;
				GCC_PREPROCESSOR_DEFINITIONS = (
					"DEBUG=1",
					"$(inherited)",
				);
				GCC_WARN_64_TO_32_BIT_CONVERSION = YES;
				GCC_WARN_ABOUT_RETURN_TYPE = YES_ERROR;
				GCC_WARN_UNDECLARED_SELECTOR = YES;
				GCC_WARN_UNINITIALIZED_AUTOS = YES_AGGRESSIVE;
				GCC_WARN_UNUSED_FUNCTION = YES;
				GCC_WARN_UNUSED_VARIABLE = YES;
				IPHONEOS_DEPLOYMENT_TARGET = 14.4;
				MTL_ENABLE_DEBUG_INFO = INCLUDE_SOURCE;
				MTL_FAST_MATH = YES;
				ONLY_ACTIVE_ARCH = YES;
				SDKROOT = iphoneos;
				SWIFT_ACTIVE_COMPILATION_CONDITIONS = DEBUG;
				SWIFT_OPTIMIZATION_LEVEL = "-Onone";
			};
			name = Debug;
		};
		E49F07F227CC71DA0049E758 /* Release */ = {
			isa = XCBuildConfiguration;
			buildSettings = {
				ALWAYS_SEARCH_USER_PATHS = NO;
				CLANG_ANALYZER_NONNULL = YES;
				CLANG_ANALYZER_NUMBER_OBJECT_CONVERSION = YES_AGGRESSIVE;
				CLANG_CXX_LANGUAGE_STANDARD = "gnu++14";
				CLANG_CXX_LIBRARY = "libc++";
				CLANG_ENABLE_MODULES = YES;
				CLANG_ENABLE_OBJC_ARC = YES;
				CLANG_ENABLE_OBJC_WEAK = YES;
				CLANG_WARN_BLOCK_CAPTURE_AUTORELEASING = YES;
				CLANG_WARN_BOOL_CONVERSION = YES;
				CLANG_WARN_COMMA = YES;
				CLANG_WARN_CONSTANT_CONVERSION = YES;
				CLANG_WARN_DEPRECATED_OBJC_IMPLEMENTATIONS = YES;
				CLANG_WARN_DIRECT_OBJC_ISA_USAGE = YES_ERROR;
				CLANG_WARN_DOCUMENTATION_COMMENTS = YES;
				CLANG_WARN_EMPTY_BODY = YES;
				CLANG_WARN_ENUM_CONVERSION = YES;
				CLANG_WARN_INFINITE_RECURSION = YES;
				CLANG_WARN_INT_CONVERSION = YES;
				CLANG_WARN_NON_LITERAL_NULL_CONVERSION = YES;
				CLANG_WARN_OBJC_IMPLICIT_RETAIN_SELF = YES;
				CLANG_WARN_OBJC_LITERAL_CONVERSION = YES;
				CLANG_WARN_OBJC_ROOT_CLASS = YES_ERROR;
				CLANG_WARN_QUOTED_INCLUDE_IN_FRAMEWORK_HEADER = YES;
				CLANG_WARN_RANGE_LOOP_ANALYSIS = YES;
				CLANG_WARN_STRICT_PROTOTYPES = YES;
				CLANG_WARN_SUSPICIOUS_MOVE = YES;
				CLANG_WARN_UNGUARDED_AVAILABILITY = YES_AGGRESSIVE;
				CLANG_WARN_UNREACHABLE_CODE = YES;
				CLANG_WARN__DUPLICATE_METHOD_MATCH = YES;
				COPY_PHASE_STRIP = NO;
				DEBUG_INFORMATION_FORMAT = "dwarf-with-dsym";
				ENABLE_NS_ASSERTIONS = NO;
				ENABLE_STRICT_OBJC_MSGSEND = YES;
				GCC_C_LANGUAGE_STANDARD = gnu11;
				GCC_NO_COMMON_BLOCKS = YES;
				GCC_WARN_64_TO_32_BIT_CONVERSION = YES;
				GCC_WARN_ABOUT_RETURN_TYPE = YES_ERROR;
				GCC_WARN_UNDECLARED_SELECTOR = YES;
				GCC_WARN_UNINITIALIZED_AUTOS = YES_AGGRESSIVE;
				GCC_WARN_UNUSED_FUNCTION = YES;
				GCC_WARN_UNUSED_VARIABLE = YES;
				IPHONEOS_DEPLOYMENT_TARGET = 14.4;
				MTL_ENABLE_DEBUG_INFO = NO;
				MTL_FAST_MATH = YES;
				SDKROOT = iphoneos;
				SWIFT_COMPILATION_MODE = wholemodule;
				SWIFT_OPTIMIZATION_LEVEL = "-O";
				VALIDATE_PRODUCT = YES;
			};
			name = Release;
		};
		E49F07F427CC71DA0049E758 /* Debug */ = {
			isa = XCBuildConfiguration;
			buildSettings = {
				ASSETCATALOG_COMPILER_APPICON_NAME = AppIcon;
				ASSETCATALOG_COMPILER_GLOBAL_ACCENT_COLOR_NAME = AccentColor;
				CODE_SIGN_STYLE = Automatic;
				DEVELOPMENT_ASSET_PATHS = "\"Tangsel Smart City/Preview Content\"";
				DEVELOPMENT_TEAM = A52M8M7DDG;
				ENABLE_PREVIEWS = YES;
				INFOPLIST_FILE = "Tangsel Smart City/Info.plist";
				LD_RUNPATH_SEARCH_PATHS = (
					"$(inherited)",
					"@executable_path/Frameworks",
				);
				PRODUCT_BUNDLE_IDENTIFIER = "com.hramadhaan.Tangsel-Smart-City";
				PRODUCT_NAME = "$(TARGET_NAME)";
				SWIFT_VERSION = 5.0;
				TARGETED_DEVICE_FAMILY = "1,2";
			};
			name = Debug;
		};
		E49F07F527CC71DA0049E758 /* Release */ = {
			isa = XCBuildConfiguration;
			buildSettings = {
				ASSETCATALOG_COMPILER_APPICON_NAME = AppIcon;
				ASSETCATALOG_COMPILER_GLOBAL_ACCENT_COLOR_NAME = AccentColor;
				CODE_SIGN_STYLE = Automatic;
				DEVELOPMENT_ASSET_PATHS = "\"Tangsel Smart City/Preview Content\"";
				DEVELOPMENT_TEAM = A52M8M7DDG;
				ENABLE_PREVIEWS = YES;
				INFOPLIST_FILE = "Tangsel Smart City/Info.plist";
				LD_RUNPATH_SEARCH_PATHS = (
					"$(inherited)",
					"@executable_path/Frameworks",
				);
				PRODUCT_BUNDLE_IDENTIFIER = "com.hramadhaan.Tangsel-Smart-City";
				PRODUCT_NAME = "$(TARGET_NAME)";
				SWIFT_VERSION = 5.0;
				TARGETED_DEVICE_FAMILY = "1,2";
			};
			name = Release;
		};
/* End XCBuildConfiguration section */

/* Begin XCConfigurationList section */
		E49F07DA27CC71D80049E758 /* Build configuration list for PBXProject "Tangsel Smart City" */ = {
			isa = XCConfigurationList;
			buildConfigurations = (
				E49F07F127CC71DA0049E758 /* Debug */,
				E49F07F227CC71DA0049E758 /* Release */,
			);
			defaultConfigurationIsVisible = 0;
			defaultConfigurationName = Release;
		};
		E49F07F327CC71DA0049E758 /* Build configuration list for PBXNativeTarget "Tangsel Smart City" */ = {
			isa = XCConfigurationList;
			buildConfigurations = (
				E49F07F427CC71DA0049E758 /* Debug */,
				E49F07F527CC71DA0049E758 /* Release */,
			);
			defaultConfigurationIsVisible = 0;
			defaultConfigurationName = Release;
		};
/* End XCConfigurationList section */
	};
	rootObject = E49F07D727CC71D80049E758 /* Project object */;
}
